SITE
  remote: https://supermarket.getchef.com/api/v1
  specs:
    apt (2.9.2)
    build-essential (2.2.4)
    chef_handler (1.2.0)
    curl (2.0.1)
    dmg (2.3.0)
    git (4.3.4)
      build-essential (>= 0.0.0)
      dmg (>= 0.0.0)
      windows (>= 0.0.0)
      yum-epel (>= 0.0.0)
    ohai (2.0.4)
    rbenv (1.7.1)
      apt (>= 0.0.0)
      build-essential (>= 0.0.0)
      git (>= 0.0.0)
      ohai (>= 1.1)
    ruby_build (0.8.0)
    vim (2.0.0)
    windows (1.38.4)
      chef_handler (>= 0.0.0)
    yum (3.8.2)
    yum-epel (0.6.5)
      yum (~> 3.2)

DEPENDENCIES
  apt (>= 0)
  build-essential (>= 0)
  curl (>= 0)
  rbenv (~> 1.7.1)
  ruby_build (>= 0)
  vim (>= 0)

